
Microsoft Visual Studio Solution File, Format Version 12.00
# Visual Studio Version 17
VisualStudioVersion = 17.5.002.0
MinimumVisualStudioVersion = 10.0.40219.1
Project("{9A19103F-16F7-4668-BE54-9A1E7A4F7556}") = "DesafioFundamentos", "DesafioFundamentos.csproj", "{8079BC6D-E50C-417F-B392-E4F40A02B446}"
EndProject
Global
	GlobalSection(SolutionConfigurationPlatforms) = preSolution
		Debug|Any CPU = Debug|Any CPU
		Release|Any CPU = Release|Any CPU
	EndGlobalSection
	GlobalSection(ProjectConfigurationPlatforms) = postSolution
		{8079BC6D-E50C-417F-B392-E4F40A02B446}.Debug|Any CPU.ActiveCfg = Debug|Any CPU
		{8079BC6D-E50C-417F-B392-E4F40A02B446}.Debug|Any CPU.Build.0 = Debug|Any CPU
		{8079BC6D-E50C-417F-B392-E4F40A02B446}.Release|Any CPU.ActiveCfg = Release|Any CPU
		{8079BC6D-E50C-417F-B392-E4F40A02B446}.Release|Any CPU.Build.0 = Release|Any CPU
	EndGlobalSection
	GlobalSection(SolutionProperties) = preSolution
		HideSolutionNode = FALSE
	EndGlobalSection
	GlobalSection(ExtensibilityGlobals) = postSolution
		SolutionGuid = {1DC7284B-7D4E-4499-B8E7-1D3B43CA9289}
	EndGlobalSection
EndGlobal
